
Microsoft Visual Studio Solution File, Format Version 12.00
# Visual Studio Version 17
VisualStudioVersion = 17.10.35013.160
MinimumVisualStudioVersion = 10.0.40219.1
Project("{FAE04EC0-301F-11D3-BF4B-00C04F79EFBC}") = "IsTakipSistemiMVC", "IsTakipSistemiMVC\IsTakipSistemiMVC.csproj", "{20F022C7-C8FF-45A1-A4F9-E29568BF1143}"
EndProject
Global
	GlobalSection(SolutionConfigurationPlatforms) = preSolution
		Debug|Any CPU = Debug|Any CPU
		Release|Any CPU = Release|Any CPU
	EndGlobalSection
	GlobalSection(ProjectConfigurationPlatforms) = postSolution
		{20F022C7-C8FF-45A1-A4F9-E29568BF1143}.Debug|Any CPU.ActiveCfg = Debug|Any CPU
		{20F022C7-C8FF-45A1-A4F9-E29568BF1143}.Debug|Any CPU.Build.0 = Debug|Any CPU
		{20F022C7-C8FF-45A1-A4F9-E29568BF1143}.Release|Any CPU.ActiveCfg = Release|Any CPU
		{20F022C7-C8FF-45A1-A4F9-E29568BF1143}.Release|Any CPU.Build.0 = Release|Any CPU
	EndGlobalSection
	GlobalSection(SolutionProperties) = preSolution
		HideSolutionNode = FALSE
	EndGlobalSection
	GlobalSection(ExtensibilityGlobals) = postSolution
		SolutionGuid = {7243A2D2-8B06-4592-B32C-F24D844BBBF0}
	EndGlobalSection
EndGlobal
